<?xml version="1.0" encoding="utf-8"?>
<Project ToolsVersion="4.0" xmlns="http://schemas.microsoft.com/developer/msbuild/2003">
  <ItemGroup>
    <Filter Include="리소스 파일">
      <UniqueIdentifier>{67DA6AB6-F800-4c08-8B7A-83BB121AAD01}</UniqueIdentifier>
      <Extensions>rc;ico;cur;bmp;dlg;rc2;rct;bin;rgs;gif;jpg;jpeg;jpe;resx;tiff;tif;png;wav;mfcribbon-ms</Extensions>
    </Filter>
    <Filter Include="shared">
      <UniqueIdentifier>{05d4480c-ce33-4e3a-8352-63b6149bf34e}</UniqueIdentifier>
    </Filter>
    <Filter Include="jsoncpp">
      <UniqueIdentifier>{c2c7f799-e56e-4bfa-9392-1b1ff088c94f}</UniqueIdentifier>
    </Filter>
    <Filter Include="shared\skill_base">
      <UniqueIdentifier>{abf13762-fdf4-433a-9036-271562529b78}</UniqueIdentifier>
    </Filter>
    <Filter Include="common">
      <UniqueIdentifier>{4fa98b29-b882-4e87-82d1-330de9cea7f2}</UniqueIdentifier>
    </Filter>
  </ItemGroup>
  <ItemGroup>
    <ClCompile Include="Main.cpp" />
    <ClCompile Include="stdafx.cpp" />
    <ClCompile Include="ClientManager.cpp" />
    <ClCompile Include="Client.cpp" />
    <ClCompile Include="GameRoom.cpp" />
    <ClCompile Include="GameRoomManager.cpp" />
    <ClCompile Include="IOContext.cpp" />
    <ClCompile Include="Scheduler.cpp" />
    <ClCompile Include="Event.cpp" />
    <ClCompile Include="PacketHandler.cpp" />
    <ClCompile Include="Vec2.cpp" />
    <ClCompile Include="Unit.cpp" />
    <ClCompile Include="Attribute.cpp" />
    <ClCompile Include="..\shared\random.cpp">
      <Filter>shared</Filter>
    </ClCompile>
    <ClCompile Include="Stage.cpp" />
    <ClCompile Include="..\jsoncpp\src\lib_json\json_reader.cpp">
      <Filter>jsoncpp</Filter>
    </ClCompile>
    <ClCompile Include="..\jsoncpp\src\lib_json\json_value.cpp">
      <Filter>jsoncpp</Filter>
    </ClCompile>
    <ClCompile Include="..\jsoncpp\src\lib_json\json_writer.cpp">
      <Filter>jsoncpp</Filter>
    </ClCompile>
    <ClCompile Include="..\shared\JsonLoader.cpp">
      <Filter>shared</Filter>
    </ClCompile>
    <ClCompile Include="..\shared\skill\ActiveSkill.cpp">
      <Filter>shared\skill_base</Filter>
    </ClCompile>
    <ClCompile Include="..\shared\skill\Attribute.cpp">
      <Filter>shared\skill_base</Filter>
    </ClCompile>
    <ClCompile Include="..\shared\skill\PassiveSkill.cpp">
      <Filter>shared\skill_base</Filter>
    </ClCompile>
    <ClCompile Include="..\shared\skill\Skill.cpp">
      <Filter>shared\skill_base</Filter>
    </ClCompile>
    <ClCompile Include="..\shared\skill\SkillPool.cpp">
      <Filter>shared\skill_base</Filter>
    </ClCompile>
    <ClCompile Include="common\resource.cpp">
      <Filter>common</Filter>
    </ClCompile>
  </ItemGroup>
  <ItemGroup>
    <ClInclude Include="BufferQueue.h" />
    <ClInclude Include="Client.h" />
    <ClInclude Include="ClientManager.h" />
    <ClInclude Include="CompletionKeyType.h" />
    <ClInclude Include="GameRoom.h" />
    <ClInclude Include="GameRoomManager.h" />
    <ClInclude Include="IDDispenser.h" />
    <ClInclude Include="IOContext.h" />
    <ClInclude Include="PacketType.h" />
    <ClInclude Include="stdafx.h" />
    <ClInclude Include="config.h" />
    <ClInclude Include="PacketMacro.h" />
    <ClInclude Include="Scheduler.h" />
    <ClInclude Include="Event.h" />
    <ClInclude Include="PacketHandler.h" />
    <ClInclude Include="Sendable.h" />
    <ClInclude Include="Unit.h" />
    <ClInclude Include="Vec2.h" />
    <ClInclude Include="AttackData.h" />
    <ClInclude Include="Attribute.h" />
    <ClInclude Include="Stage.h" />
    <ClInclude Include="Ref.h" />
    <ClInclude Include="..\shared\random.h">
      <Filter>shared</Filter>
    </ClInclude>
    <ClInclude Include="CollisionDetector.h" />
    <ClInclude Include="TrashPool.h" />
    <ClInclude Include="Ally.h" />
    <ClInclude Include="EnemySpawner.h" />
    <ClInclude Include="..\jsoncpp\include\json\assertions.h">
      <Filter>jsoncpp</Filter>
    </ClInclude>
    <ClInclude Include="..\jsoncpp\include\json\autolink.h">
      <Filter>jsoncpp</Filter>
    </ClInclude>
    <ClInclude Include="..\jsoncpp\include\json\config.h">
      <Filter>jsoncpp</Filter>
    </ClInclude>
    <ClInclude Include="..\jsoncpp\include\json\features.h">
      <Filter>jsoncpp</Filter>
    </ClInclude>
    <ClInclude Include="..\jsoncpp\include\json\forwards.h">
      <Filter>jsoncpp</Filter>
    </ClInclude>
    <ClInclude Include="..\jsoncpp\include\json\json.h">
      <Filter>jsoncpp</Filter>
    </ClInclude>
    <ClInclude Include="..\jsoncpp\include\json\reader.h">
      <Filter>jsoncpp</Filter>
    </ClInclude>
    <ClInclude Include="..\jsoncpp\include\json\value.h">
      <Filter>jsoncpp</Filter>
    </ClInclude>
    <ClInclude Include="..\jsoncpp\include\json\version.h">
      <Filter>jsoncpp</Filter>
    </ClInclude>
    <ClInclude Include="..\jsoncpp\include\json\writer.h">
      <Filter>jsoncpp</Filter>
    </ClInclude>
    <ClInclude Include="..\jsoncpp\src\lib_json\json_batchallocator.h">
      <Filter>jsoncpp</Filter>
    </ClInclude>
    <ClInclude Include="..\jsoncpp\src\lib_json\json_tool.h">
      <Filter>jsoncpp</Filter>
    </ClInclude>
    <ClInclude Include="..\shared\skill\ActiveSkill.h">
      <Filter>shared\skill_base</Filter>
    </ClInclude>
    <ClInclude Include="..\shared\skill\Attribute.h">
      <Filter>shared\skill_base</Filter>
    </ClInclude>
    <ClInclude Include="..\shared\skill\AttributeName.h">
      <Filter>shared\skill_base</Filter>
    </ClInclude>
    <ClInclude Include="..\shared\skill\id.h">
      <Filter>shared\skill_base</Filter>
    </ClInclude>
    <ClInclude Include="..\shared\skill\PassiveSkill.h">
      <Filter>shared\skill_base</Filter>
    </ClInclude>
    <ClInclude Include="..\shared\skill\Skill.h">
      <Filter>shared\skill_base</Filter>
    </ClInclude>
    <ClInclude Include="..\shared\skill\SkillPool.h">
      <Filter>shared\skill_base</Filter>
    </ClInclude>
    <ClInclude Include="..\shared\compat.h">
      <Filter>shared</Filter>
    </ClInclude>
    <ClInclude Include="common\resource.h">
      <Filter>common</Filter>
    </ClInclude>
  </ItemGroup>
  <ItemGroup>
    <None Include="..\jsoncpp\src\lib_json\json_internalarray.inl">
      <Filter>jsoncpp</Filter>
    </None>
    <None Include="..\jsoncpp\src\lib_json\json_internalmap.inl">
      <Filter>jsoncpp</Filter>
    </None>
    <None Include="..\jsoncpp\src\lib_json\json_valueiterator.inl">
      <Filter>jsoncpp</Filter>
    </None>
    <ClInclude Include="..\shared\JsonLoader.h">
      <Filter>shared</Filter>
    </ClInclude>
  </ItemGroup>
</Project>