<?xml version="1.0" encoding="utf-8"?>
<Project ToolsVersion="4.0" xmlns="http://schemas.microsoft.com/developer/msbuild/2003">
  <ItemGroup>
    <ClCompile Include="..\Classes\scene\GameScene.cpp">
      <Filter>source\scene</Filter>
    </ClCompile>
    <ClCompile Include="..\Classes\objects\Player.cpp">
      <Filter>source\object</Filter>
    </ClCompile>
    <ClCompile Include="..\Classes\objects\Unit.cpp">
      <Filter>source\object</Filter>
    </ClCompile>
    <ClCompile Include="..\Classes\common\resource.cpp">
      <Filter>source\common</Filter>
    </ClCompile>
    <ClCompile Include="..\Classes\objects\KeyboardEventListener.cpp">
      <Filter>source\object\common</Filter>
    </ClCompile>
    <ClCompile Include="..\Classes\objects\MouseEventListener.cpp">
      <Filter>source\object\common</Filter>
    </ClCompile>
    <ClCompile Include="..\Classes\objects\Enemy.cpp">
      <Filter>source\object</Filter>
    </ClCompile>
    <ClCompile Include="..\Classes\objects\EnemyPool.cpp">
      <Filter>source\object</Filter>
    </ClCompile>
    <ClCompile Include="..\Classes\objects\EnemySpawner.cpp">
      <Filter>source\object</Filter>
    </ClCompile>
    <ClCompile Include="..\Classes\objects\Bullet.cpp">
      <Filter>source\object</Filter>
    </ClCompile>
    <ClCompile Include="..\Classes\AppDelegate.cpp">
      <Filter>source</Filter>
    </ClCompile>
    <ClCompile Include="main.cpp">
      <Filter>source</Filter>
    </ClCompile>
    <ClCompile Include="..\Classes\common\PhysicsFactory.cpp">
      <Filter>source\common</Filter>
    </ClCompile>
    <ClCompile Include="..\Classes\objects\PartedBody.cpp">
      <Filter>source\object</Filter>
    </ClCompile>
    <ClCompile Include="..\Classes\objects\Scarf.cpp">
      <Filter>source\object</Filter>
    </ClCompile>
    <ClCompile Include="..\Classes\objects\Ally.cpp">
      <Filter>source\object</Filter>
    </ClCompile>
    <ClCompile Include="..\Classes\objects\Stage.cpp">
      <Filter>source\object</Filter>
    </ClCompile>
    <ClCompile Include="..\jsoncpp\src\lib_json\json_reader.cpp">
      <Filter>jsoncpp</Filter>
    </ClCompile>
    <ClCompile Include="..\jsoncpp\src\lib_json\json_value.cpp">
      <Filter>jsoncpp</Filter>
    </ClCompile>
    <ClCompile Include="..\jsoncpp\src\lib_json\json_writer.cpp">
      <Filter>jsoncpp</Filter>
    </ClCompile>
    <ClCompile Include="..\Classes\common\JsonLoader.cpp">
      <Filter>source\common</Filter>
    </ClCompile>
    <ClCompile Include="..\Classes\util\Random.cpp">
      <Filter>source\util</Filter>
    </ClCompile>
    <ClCompile Include="..\Classes\skill\ActiveSkill.cpp">
      <Filter>source\skill\base</Filter>
    </ClCompile>
    <ClCompile Include="..\Classes\skill\Attribute.cpp">
      <Filter>source\skill\base</Filter>
    </ClCompile>
    <ClCompile Include="..\Classes\skill\PassiveSkill.cpp">
      <Filter>source\skill\base</Filter>
    </ClCompile>
    <ClCompile Include="..\Classes\skill\Skill.cpp">
      <Filter>source\skill\base</Filter>
    </ClCompile>
    <ClCompile Include="..\Classes\skill\type1\Slash.cpp">
      <Filter>source\skill\type1</Filter>
    </ClCompile>
    <ClCompile Include="..\Classes\skill\SkillPool.cpp">
      <Filter>source\skill\base</Filter>
    </ClCompile>
    <ClCompile Include="..\Classes\pch.cpp">
      <Filter>source</Filter>
    </ClCompile>
    <ClCompile Include="..\Classes\ui\Cursor.cpp">
      <Filter>source\ui</Filter>
    </ClCompile>
    <ClCompile Include="..\Classes\objects\BodyAnimation.cpp">
      <Filter>source\object</Filter>
    </ClCompile>
    <ClCompile Include="..\Classes\objects\AnimationPool.cpp">
      <Filter>source\object</Filter>
    </ClCompile>
  </ItemGroup>
  <ItemGroup>
    <ClInclude Include="..\Classes\scene\GameScene.h">
      <Filter>source\scene</Filter>
    </ClInclude>
    <ClInclude Include="..\Classes\objects\Player.h">
      <Filter>source\object</Filter>
    </ClInclude>
    <ClInclude Include="..\Classes\objects\Unit.h">
      <Filter>source\object</Filter>
    </ClInclude>
    <ClInclude Include="..\Classes\common\resource.h">
      <Filter>source\common</Filter>
    </ClInclude>
    <ClInclude Include="..\Classes\objects\MouseEventListener.h">
      <Filter>source\object\common</Filter>
    </ClInclude>
    <ClInclude Include="..\Classes\objects\KeyboardEventListener.h">
      <Filter>source\object\common</Filter>
    </ClInclude>
    <ClInclude Include="..\Classes\objects\Enemy.h">
      <Filter>source\object</Filter>
    </ClInclude>
    <ClInclude Include="..\Classes\objects\EnemyPool.h">
      <Filter>source\object</Filter>
    </ClInclude>
    <ClInclude Include="..\Classes\objects\EnemySpawner.h">
      <Filter>source\object</Filter>
    </ClInclude>
    <ClInclude Include="..\Classes\objects\Bullet.h">
      <Filter>source\object</Filter>
    </ClInclude>
    <ClInclude Include="..\Classes\AppDelegate.h">
      <Filter>source</Filter>
    </ClInclude>
    <ClInclude Include="main.h">
      <Filter>source</Filter>
    </ClInclude>
    <ClInclude Include="..\Classes\common\PhysicsFactory.h">
      <Filter>source\common</Filter>
    </ClInclude>
    <ClInclude Include="..\Classes\objects\PartedBody.h">
      <Filter>source\object</Filter>
    </ClInclude>
    <ClInclude Include="..\Classes\objects\Scarf.h">
      <Filter>source\object</Filter>
    </ClInclude>
    <ClInclude Include="..\Classes\objects\Ally.h">
      <Filter>source\object</Filter>
    </ClInclude>
    <ClInclude Include="..\Classes\objects\Stage.h">
      <Filter>source\object</Filter>
    </ClInclude>
    <ClInclude Include="..\Classes\objects\AttackData.h">
      <Filter>source\object</Filter>
    </ClInclude>
    <ClInclude Include="..\jsoncpp\src\lib_json\json_batchallocator.h">
      <Filter>jsoncpp</Filter>
    </ClInclude>
    <ClInclude Include="..\jsoncpp\src\lib_json\json_tool.h">
      <Filter>jsoncpp</Filter>
    </ClInclude>
    <ClInclude Include="..\jsoncpp\include\json\assertions.h">
      <Filter>jsoncpp</Filter>
    </ClInclude>
    <ClInclude Include="..\jsoncpp\include\json\autolink.h">
      <Filter>jsoncpp</Filter>
    </ClInclude>
    <ClInclude Include="..\jsoncpp\include\json\config.h">
      <Filter>jsoncpp</Filter>
    </ClInclude>
    <ClInclude Include="..\jsoncpp\include\json\features.h">
      <Filter>jsoncpp</Filter>
    </ClInclude>
    <ClInclude Include="..\jsoncpp\include\json\forwards.h">
      <Filter>jsoncpp</Filter>
    </ClInclude>
    <ClInclude Include="..\jsoncpp\include\json\json.h">
      <Filter>jsoncpp</Filter>
    </ClInclude>
    <ClInclude Include="..\jsoncpp\include\json\reader.h">
      <Filter>jsoncpp</Filter>
    </ClInclude>
    <ClInclude Include="..\jsoncpp\include\json\value.h">
      <Filter>jsoncpp</Filter>
    </ClInclude>
    <ClInclude Include="..\jsoncpp\include\json\version.h">
      <Filter>jsoncpp</Filter>
    </ClInclude>
    <ClInclude Include="..\jsoncpp\include\json\writer.h">
      <Filter>jsoncpp</Filter>
    </ClInclude>
    <ClInclude Include="..\Classes\common\JsonLoader.h">
      <Filter>source\common</Filter>
    </ClInclude>
    <ClInclude Include="..\Classes\Compat.h">
      <Filter>source</Filter>
    </ClInclude>
    <ClInclude Include="..\Classes\util\Random.h">
      <Filter>source\util</Filter>
    </ClInclude>
    <ClInclude Include="..\Classes\skill\ActiveSkill.h">
      <Filter>source\skill\base</Filter>
    </ClInclude>
    <ClInclude Include="..\Classes\skill\Attribute.h">
      <Filter>source\skill\base</Filter>
    </ClInclude>
    <ClInclude Include="..\Classes\skill\PassiveSkill.h">
      <Filter>source\skill\base</Filter>
    </ClInclude>
    <ClInclude Include="..\Classes\skill\Skill.h">
      <Filter>source\skill\base</Filter>
    </ClInclude>
    <ClInclude Include="..\Classes\skill\type1\Slash.h">
      <Filter>source\skill\type1</Filter>
    </ClInclude>
    <ClInclude Include="..\Classes\skill\SkillPool.h">
      <Filter>source\skill\base</Filter>
    </ClInclude>
    <ClInclude Include="..\Classes\skill\id.h">
      <Filter>source\skill\base</Filter>
    </ClInclude>
    <ClInclude Include="..\Classes\pch.h">
      <Filter>source</Filter>
    </ClInclude>
    <ClInclude Include="..\Classes\ui\Cursor.h">
      <Filter>source\ui</Filter>
    </ClInclude>
    <ClInclude Include="..\Classes\objects\BodyAnimation.h">
      <Filter>source\object</Filter>
    </ClInclude>
    <ClInclude Include="..\Classes\objects\AnimationPool.h">
      <Filter>source\object</Filter>
    </ClInclude>
  </ItemGroup>
  <ItemGroup>
    <Filter Include="resource">
      <UniqueIdentifier>{eb33adea-eba1-4ddd-98cf-6c0feab6d32c}</UniqueIdentifier>
    </Filter>
    <Filter Include="source">
      <UniqueIdentifier>{7b7b13d1-c548-42f4-9de0-c9b6863515ef}</UniqueIdentifier>
    </Filter>
    <Filter Include="source\common">
      <UniqueIdentifier>{ad8c0b96-9362-45de-ac56-fcdd3962dd63}</UniqueIdentifier>
    </Filter>
    <Filter Include="source\object">
      <UniqueIdentifier>{21303214-06e2-4615-b33a-a5b1528e0755}</UniqueIdentifier>
    </Filter>
    <Filter Include="source\object\common">
      <UniqueIdentifier>{ca7c8225-c6ea-4e61-a412-d8508272d14f}</UniqueIdentifier>
    </Filter>
    <Filter Include="source\scene">
      <UniqueIdentifier>{5e5fa51b-28b4-43da-b7ff-ff5997b34aec}</UniqueIdentifier>
    </Filter>
    <Filter Include="jsoncpp">
      <UniqueIdentifier>{58b6fc83-9927-43c5-bcff-156a2ca75c64}</UniqueIdentifier>
    </Filter>
    <Filter Include="source\skill">
      <UniqueIdentifier>{f9f5925b-5959-4352-97d1-a612a23d15e0}</UniqueIdentifier>
    </Filter>
    <Filter Include="source\util">
      <UniqueIdentifier>{f199e76c-c9d1-4627-9712-cc101ff99708}</UniqueIdentifier>
    </Filter>
    <Filter Include="source\skill\base">
      <UniqueIdentifier>{3f04a830-a0e8-485d-a71d-801d5f9da8b8}</UniqueIdentifier>
    </Filter>
    <Filter Include="source\skill\type1">
      <UniqueIdentifier>{f55e68ab-04be-464d-ac94-9a9e935edb10}</UniqueIdentifier>
    </Filter>
    <Filter Include="source\ui">
      <UniqueIdentifier>{ef9086b4-25ab-4032-ae43-c38c44289a9e}</UniqueIdentifier>
    </Filter>
  </ItemGroup>
  <ItemGroup>
    <None Include="..\jsoncpp\src\lib_json\json_internalarray.inl">
      <Filter>jsoncpp</Filter>
    </None>
    <None Include="..\jsoncpp\src\lib_json\json_internalmap.inl">
      <Filter>jsoncpp</Filter>
    </None>
    <None Include="..\jsoncpp\src\lib_json\json_valueiterator.inl">
      <Filter>jsoncpp</Filter>
    </None>
  </ItemGroup>
</Project>