<?xml version="1.0" encoding="utf-8"?>
<Project ToolsVersion="4.0" xmlns="http://schemas.microsoft.com/developer/msbuild/2003">
  <ItemGroup>
    <ClCompile Include="..\Classes\scene\GameScene.cpp">
      <Filter>source\scene</Filter>
    </ClCompile>
    <ClCompile Include="..\Classes\objects\Player.cpp">
      <Filter>source\object</Filter>
    </ClCompile>
    <ClCompile Include="..\Classes\objects\Unit.cpp">
      <Filter>source\object</Filter>
    </ClCompile>
    <ClCompile Include="..\Classes\common\resource.cpp">
      <Filter>source\common</Filter>
    </ClCompile>
    <ClCompile Include="..\Classes\objects\Enemy.cpp">
      <Filter>source\object</Filter>
    </ClCompile>
    <ClCompile Include="..\Classes\objects\EnemySpawner.cpp">
      <Filter>source\object</Filter>
    </ClCompile>
    <ClCompile Include="..\Classes\objects\Bullet.cpp">
      <Filter>source\object</Filter>
    </ClCompile>
    <ClCompile Include="main.cpp">
      <Filter>source</Filter>
    </ClCompile>
    <ClCompile Include="..\Classes\common\PhysicsFactory.cpp">
      <Filter>source\common</Filter>
    </ClCompile>
    <ClCompile Include="..\Classes\objects\Ally.cpp">
      <Filter>source\object</Filter>
    </ClCompile>
    <ClCompile Include="..\Classes\objects\Stage.cpp">
      <Filter>source\object</Filter>
    </ClCompile>
    <ClCompile Include="..\jsoncpp\src\lib_json\json_reader.cpp">
      <Filter>jsoncpp</Filter>
    </ClCompile>
    <ClCompile Include="..\jsoncpp\src\lib_json\json_value.cpp">
      <Filter>jsoncpp</Filter>
    </ClCompile>
    <ClCompile Include="..\jsoncpp\src\lib_json\json_writer.cpp">
      <Filter>jsoncpp</Filter>
    </ClCompile>
    <ClCompile Include="..\Classes\common\JsonLoader.cpp">
      <Filter>source\common</Filter>
    </ClCompile>
    <ClCompile Include="..\Classes\util\Random.cpp">
      <Filter>source\util</Filter>
    </ClCompile>
    <ClCompile Include="..\Classes\skill\ActiveSkill.cpp">
      <Filter>source\skill\base</Filter>
    </ClCompile>
    <ClCompile Include="..\Classes\skill\Attribute.cpp">
      <Filter>source\skill\base</Filter>
    </ClCompile>
    <ClCompile Include="..\Classes\skill\PassiveSkill.cpp">
      <Filter>source\skill\base</Filter>
    </ClCompile>
    <ClCompile Include="..\Classes\skill\Skill.cpp">
      <Filter>source\skill\base</Filter>
    </ClCompile>
    <ClCompile Include="..\Classes\skill\type1\Slash.cpp">
      <Filter>source\skill\type1</Filter>
    </ClCompile>
    <ClCompile Include="..\Classes\skill\SkillPool.cpp">
      <Filter>source\skill\base</Filter>
    </ClCompile>
    <ClCompile Include="..\Classes\pch.cpp">
      <Filter>source</Filter>
    </ClCompile>
    <ClCompile Include="..\Classes\ui\Cursor.cpp">
      <Filter>source\ui</Filter>
    </ClCompile>
    <ClCompile Include="..\Classes\ui\Gauge.cpp">
      <Filter>source\ui</Filter>
    </ClCompile>
    <ClCompile Include="..\Classes\ui\StatusConsole.cpp">
      <Filter>source\ui</Filter>
    </ClCompile>
    <ClCompile Include="..\Classes\skill\type1\FrontDash.cpp">
      <Filter>source\skill\type1</Filter>
    </ClCompile>
    <ClCompile Include="..\Classes\AppDelegate.cpp">
      <Filter>source</Filter>
    </ClCompile>
    <ClCompile Include="..\Classes\ui\Minimap.cpp">
      <Filter>source\ui</Filter>
    </ClCompile>
    <ClCompile Include="..\Classes\ui\SkillIconPanel.cpp">
      <Filter>source\ui</Filter>
    </ClCompile>
    <ClCompile Include="..\Classes\ui\SkillIcon.cpp">
      <Filter>source\ui</Filter>
    </ClCompile>
    <ClCompile Include="..\Classes\network\Network.cpp">
      <Filter>source\network</Filter>
    </ClCompile>
    <ClCompile Include="..\Classes\Network\LoginSender.cpp">
      <Filter>source\network</Filter>
    </ClCompile>
    <ClCompile Include="..\Classes\objects\Trash.cpp">
      <Filter>source\object</Filter>
    </ClCompile>
    <ClCompile Include="..\Classes\objects\TrashPool.cpp">
      <Filter>source\object</Filter>
    </ClCompile>
    <ClCompile Include="..\Classes\objects\RepairArea.cpp">
      <Filter>source\object</Filter>
    </ClCompile>
    <ClCompile Include="..\Classes\objects\StageLayer.cpp">
      <Filter>source\object</Filter>
    </ClCompile>
    <ClCompile Include="..\Classes\ui\UpgradeBar.cpp">
      <Filter>source\ui</Filter>
    </ClCompile>
    <ClCompile Include="..\Classes\skill\general\Suction.cpp">
      <Filter>source\skill\general</Filter>
    </ClCompile>
    <ClCompile Include="..\Classes\objects\EnemyFactory.cpp">
      <Filter>source\object</Filter>
    </ClCompile>
    <ClCompile Include="..\Classes\objects\PlayerGauge.cpp">
      <Filter>source\object</Filter>
    </ClCompile>
    <ClCompile Include="..\Classes\objects\KeyboardEventListener.cpp">
      <Filter>source\object\common\input</Filter>
    </ClCompile>
    <ClCompile Include="..\Classes\objects\MouseEventListener.cpp">
      <Filter>source\object\common\input</Filter>
    </ClCompile>
    <ClCompile Include="..\Classes\objects\Effect.cpp">
      <Filter>source\object\common\effect</Filter>
    </ClCompile>
    <ClCompile Include="..\Classes\objects\EffectFactory.cpp">
      <Filter>source\object\common\effect</Filter>
    </ClCompile>
    <ClCompile Include="..\Classes\objects\EffectLayer.cpp">
      <Filter>source\object\common\effect</Filter>
    </ClCompile>
    <ClCompile Include="..\Classes\objects\Afterimage.cpp">
      <Filter>source\object\common\afterimage</Filter>
    </ClCompile>
    <ClCompile Include="..\Classes\skill\type1\Adrenaline.cpp">
      <Filter>source\skill\type1</Filter>
    </ClCompile>
    <ClCompile Include="..\Classes\scene\LoginScene.cpp">
      <Filter>source\scene</Filter>
    </ClCompile>
    <ClCompile Include="..\Classes\ui\TrashTank.cpp">
      <Filter>source\ui</Filter>
    </ClCompile>
    <ClCompile Include="..\Classes\objects\GlobalResource.cpp">
      <Filter>source\object</Filter>
    </ClCompile>
    <ClCompile Include="..\Classes\objects\CollisionDetector.cpp">
      <Filter>source\object</Filter>
    </ClCompile>
    <ClCompile Include="..\Classes\skill\enemy\Spiral.cpp">
      <Filter>source\skill\enemy</Filter>
    </ClCompile>
    <ClCompile Include="..\Classes\skill\general\Repair.cpp">
      <Filter>source\skill\general</Filter>
    </ClCompile>
    <ClCompile Include="..\Classes\common\IterLock.cpp">
      <Filter>source\common</Filter>
    </ClCompile>
    <ClCompile Include="..\Classes\ui\ChatBox.cpp">
      <Filter>source\ui</Filter>
    </ClCompile>
    <ClCompile Include="..\Classes\ui\InputBox.cpp">
      <Filter>source\ui</Filter>
    </ClCompile>
    <ClCompile Include="..\Classes\objects\DamageLabel.cpp">
      <Filter>source\object</Filter>
    </ClCompile>
    <ClCompile Include="..\Classes\common\Preloader.cpp">
      <Filter>source\common</Filter>
    </ClCompile>
    <ClCompile Include="..\Classes\network\MoveHandler.cpp">
      <Filter>source\network</Filter>
    </ClCompile>
    <ClCompile Include="..\Classes\network\MoveSender.cpp">
      <Filter>source\network</Filter>
    </ClCompile>
    <ClCompile Include="..\Classes\network\RoomHandler.cpp">
      <Filter>source\network</Filter>
    </ClCompile>
    <ClCompile Include="..\Classes\network\RoomSender.cpp">
      <Filter>source\network</Filter>
    </ClCompile>
    <ClCompile Include="..\Classes\network\Routes.cpp">
      <Filter>source\network</Filter>
    </ClCompile>
    <ClCompile Include="..\Classes\network\UnitHandler.cpp">
      <Filter>source\network</Filter>
    </ClCompile>
    <ClCompile Include="..\Classes\network\ChatHandler.cpp">
      <Filter>source\network</Filter>
    </ClCompile>
    <ClCompile Include="..\Classes\network\ChatSender.cpp">
      <Filter>source\network</Filter>
    </ClCompile>
    <ClCompile Include="..\Classes\skill\enemy\Explosion.cpp">
      <Filter>source\skill\enemy</Filter>
    </ClCompile>
    <ClCompile Include="..\Classes\skill\enemy\EnemyShot.cpp">
      <Filter>source\skill\enemy</Filter>
    </ClCompile>
    <ClCompile Include="..\Classes\objects\Enemy_Explode.cpp" />
  </ItemGroup>
  <ItemGroup>
    <ClInclude Include="..\Classes\scene\GameScene.h">
      <Filter>source\scene</Filter>
    </ClInclude>
    <ClInclude Include="..\Classes\objects\Player.h">
      <Filter>source\object</Filter>
    </ClInclude>
    <ClInclude Include="..\Classes\objects\Unit.h">
      <Filter>source\object</Filter>
    </ClInclude>
    <ClInclude Include="..\Classes\common\resource.h">
      <Filter>source\common</Filter>
    </ClInclude>
    <ClInclude Include="..\Classes\objects\Enemy.h">
      <Filter>source\object</Filter>
    </ClInclude>
    <ClInclude Include="..\Classes\objects\EnemySpawner.h">
      <Filter>source\object</Filter>
    </ClInclude>
    <ClInclude Include="..\Classes\objects\Bullet.h">
      <Filter>source\object</Filter>
    </ClInclude>
    <ClInclude Include="main.h">
      <Filter>source</Filter>
    </ClInclude>
    <ClInclude Include="..\Classes\common\PhysicsFactory.h">
      <Filter>source\common</Filter>
    </ClInclude>
    <ClInclude Include="..\Classes\objects\Ally.h">
      <Filter>source\object</Filter>
    </ClInclude>
    <ClInclude Include="..\Classes\objects\Stage.h">
      <Filter>source\object</Filter>
    </ClInclude>
    <ClInclude Include="..\Classes\objects\AttackData.h">
      <Filter>source\object</Filter>
    </ClInclude>
    <ClInclude Include="..\jsoncpp\src\lib_json\json_batchallocator.h">
      <Filter>jsoncpp</Filter>
    </ClInclude>
    <ClInclude Include="..\jsoncpp\src\lib_json\json_tool.h">
      <Filter>jsoncpp</Filter>
    </ClInclude>
    <ClInclude Include="..\jsoncpp\include\json\assertions.h">
      <Filter>jsoncpp</Filter>
    </ClInclude>
    <ClInclude Include="..\jsoncpp\include\json\autolink.h">
      <Filter>jsoncpp</Filter>
    </ClInclude>
    <ClInclude Include="..\jsoncpp\include\json\config.h">
      <Filter>jsoncpp</Filter>
    </ClInclude>
    <ClInclude Include="..\jsoncpp\include\json\features.h">
      <Filter>jsoncpp</Filter>
    </ClInclude>
    <ClInclude Include="..\jsoncpp\include\json\forwards.h">
      <Filter>jsoncpp</Filter>
    </ClInclude>
    <ClInclude Include="..\jsoncpp\include\json\json.h">
      <Filter>jsoncpp</Filter>
    </ClInclude>
    <ClInclude Include="..\jsoncpp\include\json\reader.h">
      <Filter>jsoncpp</Filter>
    </ClInclude>
    <ClInclude Include="..\jsoncpp\include\json\value.h">
      <Filter>jsoncpp</Filter>
    </ClInclude>
    <ClInclude Include="..\jsoncpp\include\json\version.h">
      <Filter>jsoncpp</Filter>
    </ClInclude>
    <ClInclude Include="..\jsoncpp\include\json\writer.h">
      <Filter>jsoncpp</Filter>
    </ClInclude>
    <ClInclude Include="..\Classes\common\JsonLoader.h">
      <Filter>source\common</Filter>
    </ClInclude>
    <ClInclude Include="..\Classes\Compat.h">
      <Filter>source</Filter>
    </ClInclude>
    <ClInclude Include="..\Classes\util\Random.h">
      <Filter>source\util</Filter>
    </ClInclude>
    <ClInclude Include="..\Classes\skill\ActiveSkill.h">
      <Filter>source\skill\base</Filter>
    </ClInclude>
    <ClInclude Include="..\Classes\skill\Attribute.h">
      <Filter>source\skill\base</Filter>
    </ClInclude>
    <ClInclude Include="..\Classes\skill\PassiveSkill.h">
      <Filter>source\skill\base</Filter>
    </ClInclude>
    <ClInclude Include="..\Classes\skill\Skill.h">
      <Filter>source\skill\base</Filter>
    </ClInclude>
    <ClInclude Include="..\Classes\skill\type1\Slash.h">
      <Filter>source\skill\type1</Filter>
    </ClInclude>
    <ClInclude Include="..\Classes\skill\SkillPool.h">
      <Filter>source\skill\base</Filter>
    </ClInclude>
    <ClInclude Include="..\Classes\skill\id.h">
      <Filter>source\skill\base</Filter>
    </ClInclude>
    <ClInclude Include="..\Classes\pch.h">
      <Filter>source</Filter>
    </ClInclude>
    <ClInclude Include="..\Classes\ui\Cursor.h">
      <Filter>source\ui</Filter>
    </ClInclude>
    <ClInclude Include="..\Classes\ui\Gauge.h">
      <Filter>source\ui</Filter>
    </ClInclude>
    <ClInclude Include="..\Classes\ui\StatusConsole.h">
      <Filter>source\ui</Filter>
    </ClInclude>
    <ClInclude Include="..\Classes\skill\type1\FrontDash.h">
      <Filter>source\skill\type1</Filter>
    </ClInclude>
    <ClInclude Include="..\Classes\AppDelegate.h">
      <Filter>source</Filter>
    </ClInclude>
    <ClInclude Include="..\Classes\skill\AttributeName.h">
      <Filter>source\skill\base</Filter>
    </ClInclude>
    <ClInclude Include="..\Classes\common\max.h">
      <Filter>source\common</Filter>
    </ClInclude>
    <ClInclude Include="..\Classes\ui\Minimap.h">
      <Filter>source\ui</Filter>
    </ClInclude>
    <ClInclude Include="..\Classes\common\global.h">
      <Filter>source\common</Filter>
    </ClInclude>
    <ClInclude Include="..\Classes\ui\SkillIcon.h">
      <Filter>source\ui</Filter>
    </ClInclude>
    <ClInclude Include="..\Classes\ui\SkillIconPanel.h">
      <Filter>source\ui</Filter>
    </ClInclude>
    <ClInclude Include="..\Classes\network\Network.h">
      <Filter>source\network</Filter>
    </ClInclude>
    <ClInclude Include="..\Classes\network\Packet.h">
      <Filter>source\network</Filter>
    </ClInclude>
    <ClInclude Include="..\Classes\network\PacketMacro.h">
      <Filter>source\network</Filter>
    </ClInclude>
    <ClInclude Include="..\Classes\objects\Trash.h">
      <Filter>source\object</Filter>
    </ClInclude>
    <ClInclude Include="..\Classes\objects\TrashPool.h">
      <Filter>source\object</Filter>
    </ClInclude>
    <ClInclude Include="..\Classes\objects\RepairArea.h">
      <Filter>source\object</Filter>
    </ClInclude>
    <ClInclude Include="..\Classes\objects\StageLayer.h">
      <Filter>source\object</Filter>
    </ClInclude>
    <ClInclude Include="..\Classes\ui\UpgradeBar.h">
      <Filter>source\ui</Filter>
    </ClInclude>
    <ClInclude Include="..\Classes\objects\EnemyFactory.h">
      <Filter>source\object</Filter>
    </ClInclude>
    <ClInclude Include="..\Classes\common\zorder.h">
      <Filter>source\common</Filter>
    </ClInclude>
    <ClInclude Include="..\Classes\objects\PlayerGauge.h">
      <Filter>source\object</Filter>
    </ClInclude>
    <ClInclude Include="..\Classes\objects\KeyboardEventListener.h">
      <Filter>source\object\common\input</Filter>
    </ClInclude>
    <ClInclude Include="..\Classes\objects\MouseEventListener.h">
      <Filter>source\object\common\input</Filter>
    </ClInclude>
    <ClInclude Include="..\Classes\objects\Effect.h">
      <Filter>source\object\common\effect</Filter>
    </ClInclude>
    <ClInclude Include="..\Classes\objects\EffectFactory.h">
      <Filter>source\object\common\effect</Filter>
    </ClInclude>
    <ClInclude Include="..\Classes\objects\EffectLayer.h">
      <Filter>source\object\common\effect</Filter>
    </ClInclude>
    <ClInclude Include="..\Classes\objects\Afterimage.h">
      <Filter>source\object\common\afterimage</Filter>
    </ClInclude>
    <ClInclude Include="..\Classes\objects\tags.h">
      <Filter>source\object\common</Filter>
    </ClInclude>
    <ClInclude Include="..\Classes\objects\EnemyInfo.h">
      <Filter>source\object</Filter>
    </ClInclude>
    <ClInclude Include="..\Classes\skill\type1\Adrenaline.h">
      <Filter>source\skill\type1</Filter>
    </ClInclude>
    <ClInclude Include="..\Classes\scene\LoginScene.h">
      <Filter>source\scene</Filter>
    </ClInclude>
    <ClInclude Include="..\Classes\ui\TrashTank.h">
      <Filter>source\ui</Filter>
    </ClInclude>
    <ClInclude Include="..\Classes\objects\GlobalResource.h">
      <Filter>source\object</Filter>
    </ClInclude>
    <ClInclude Include="..\Classes\objects\CollisionDetector.h">
      <Filter>source\object</Filter>
    </ClInclude>
    <ClInclude Include="..\Classes\objects\EnemyType.h">
      <Filter>source\object</Filter>
    </ClInclude>
    <ClInclude Include="..\Classes\skill\general\Suction.h">
      <Filter>source\skill\general</Filter>
    </ClInclude>
    <ClInclude Include="..\Classes\skill\enemy\Spiral.h">
      <Filter>source\skill\enemy</Filter>
    </ClInclude>
    <ClInclude Include="..\Classes\common\makepath.h">
      <Filter>source\common</Filter>
    </ClInclude>
    <ClInclude Include="..\Classes\skill\general\Repair.h">
      <Filter>source\skill\general</Filter>
    </ClInclude>
    <ClInclude Include="..\Classes\common\IterLock.h">
      <Filter>source\common</Filter>
    </ClInclude>
    <ClInclude Include="..\Classes\ui\ChatBox.h">
      <Filter>source\ui</Filter>
    </ClInclude>
    <ClInclude Include="..\Classes\ui\InputBox.h">
      <Filter>source\ui</Filter>
    </ClInclude>
    <ClInclude Include="..\Classes\objects\DamageLabel.h">
      <Filter>source\object</Filter>
    </ClInclude>
    <ClInclude Include="..\Classes\common\Preloader.h">
      <Filter>source\common</Filter>
    </ClInclude>
    <ClInclude Include="..\Classes\skill\enemy\Explosion.h">
      <Filter>source\skill\enemy</Filter>
    </ClInclude>
    <ClInclude Include="..\Classes\skill\enemy\EnemyShot.h">
      <Filter>source\skill\enemy</Filter>
    </ClInclude>
    <ClInclude Include="..\Classes\objects\Enemy_Explode.h">
      <Filter>source\object</Filter>
    </ClInclude>
  </ItemGroup>
  <ItemGroup>
    <Filter Include="resource">
      <UniqueIdentifier>{eb33adea-eba1-4ddd-98cf-6c0feab6d32c}</UniqueIdentifier>
    </Filter>
    <Filter Include="source">
      <UniqueIdentifier>{7b7b13d1-c548-42f4-9de0-c9b6863515ef}</UniqueIdentifier>
    </Filter>
    <Filter Include="source\common">
      <UniqueIdentifier>{ad8c0b96-9362-45de-ac56-fcdd3962dd63}</UniqueIdentifier>
    </Filter>
    <Filter Include="source\object">
      <UniqueIdentifier>{21303214-06e2-4615-b33a-a5b1528e0755}</UniqueIdentifier>
    </Filter>
    <Filter Include="source\object\common">
      <UniqueIdentifier>{ca7c8225-c6ea-4e61-a412-d8508272d14f}</UniqueIdentifier>
    </Filter>
    <Filter Include="source\scene">
      <UniqueIdentifier>{5e5fa51b-28b4-43da-b7ff-ff5997b34aec}</UniqueIdentifier>
    </Filter>
    <Filter Include="jsoncpp">
      <UniqueIdentifier>{58b6fc83-9927-43c5-bcff-156a2ca75c64}</UniqueIdentifier>
    </Filter>
    <Filter Include="source\skill">
      <UniqueIdentifier>{f9f5925b-5959-4352-97d1-a612a23d15e0}</UniqueIdentifier>
    </Filter>
    <Filter Include="source\util">
      <UniqueIdentifier>{f199e76c-c9d1-4627-9712-cc101ff99708}</UniqueIdentifier>
    </Filter>
    <Filter Include="source\skill\base">
      <UniqueIdentifier>{3f04a830-a0e8-485d-a71d-801d5f9da8b8}</UniqueIdentifier>
    </Filter>
    <Filter Include="source\skill\type1">
      <UniqueIdentifier>{f55e68ab-04be-464d-ac94-9a9e935edb10}</UniqueIdentifier>
    </Filter>
    <Filter Include="source\ui">
      <UniqueIdentifier>{ef9086b4-25ab-4032-ae43-c38c44289a9e}</UniqueIdentifier>
    </Filter>
    <Filter Include="source\network">
      <UniqueIdentifier>{c0ced8f4-cafd-4445-ba77-e7fe53288c65}</UniqueIdentifier>
    </Filter>
    <Filter Include="source\skill\general">
      <UniqueIdentifier>{ce268dd4-0b25-4c4b-b5eb-376e422494f7}</UniqueIdentifier>
    </Filter>
    <Filter Include="source\object\common\input">
      <UniqueIdentifier>{f7dafdbc-2fd1-499b-8eaf-d561fd2b9be4}</UniqueIdentifier>
    </Filter>
    <Filter Include="source\object\common\effect">
      <UniqueIdentifier>{d645d8e6-e6a2-46fa-b6d9-8a523f249d0c}</UniqueIdentifier>
    </Filter>
    <Filter Include="source\object\common\afterimage">
      <UniqueIdentifier>{bc339caa-de77-4cff-a8f4-d22d4ef2a3d0}</UniqueIdentifier>
    </Filter>
    <Filter Include="source\skill\enemy">
      <UniqueIdentifier>{98f35ba4-8c55-44bc-a3d7-8fb5afd6c4e9}</UniqueIdentifier>
    </Filter>
  </ItemGroup>
  <ItemGroup>
    <None Include="..\jsoncpp\src\lib_json\json_internalarray.inl">
      <Filter>jsoncpp</Filter>
    </None>
    <None Include="..\jsoncpp\src\lib_json\json_internalmap.inl">
      <Filter>jsoncpp</Filter>
    </None>
    <None Include="..\jsoncpp\src\lib_json\json_valueiterator.inl">
      <Filter>jsoncpp</Filter>
    </None>
  </ItemGroup>
</Project>